
Microsoft Visual Studio Solution File, Format Version 12.00
# Visual Studio 14
VisualStudioVersion = 14.0.23107.0
MinimumVisualStudioVersion = 10.0.40219.1
Project("{2150E333-8FDC-42A3-9474-1A3956D46DE8}") = "src", "src", "{DF7E9358-0A4C-44CF-9E4B-7BA1A1337700}"
EndProject
Project("{2150E333-8FDC-42A3-9474-1A3956D46DE8}") = "Solution Items", "Solution Items", "{8A9ED8EC-CF36-4C22-9940-DCD01E570CD4}"
	ProjectSection(SolutionItems) = preProject
		global.json = global.json
	EndProjectSection
EndProject
Project("{8BB2217D-0F2D-49D1-97BC-3654ED321F3B}") = "ConsoleApp1", "src\ConsoleApp1\ConsoleApp1.xproj", "{585C1FB2-6388-45A0-A934-CC1EDDF2FEBE}"
EndProject
Project("{FAE04EC0-301F-11D3-BF4B-00C04F79EFBC}") = "ConsoleApplication1", "ConsoleApplication1\ConsoleApplication1.csproj", "{6C29243D-DA94-49CB-878A-8DD2B2A02425}"
EndProject
Global
	GlobalSection(SolutionConfigurationPlatforms) = preSolution
		Debug|Any CPU = Debug|Any CPU
		Release|Any CPU = Release|Any CPU
	EndGlobalSection
	GlobalSection(ProjectConfigurationPlatforms) = postSolution
		{585C1FB2-6388-45A0-A934-CC1EDDF2FEBE}.Debug|Any CPU.ActiveCfg = Debug|Any CPU
		{585C1FB2-6388-45A0-A934-CC1EDDF2FEBE}.Debug|Any CPU.Build.0 = Debug|Any CPU
		{585C1FB2-6388-45A0-A934-CC1EDDF2FEBE}.Release|Any CPU.ActiveCfg = Release|Any CPU
		{585C1FB2-6388-45A0-A934-CC1EDDF2FEBE}.Release|Any CPU.Build.0 = Release|Any CPU
		{6C29243D-DA94-49CB-878A-8DD2B2A02425}.Debug|Any CPU.ActiveCfg = Debug|Any CPU
		{6C29243D-DA94-49CB-878A-8DD2B2A02425}.Debug|Any CPU.Build.0 = Debug|Any CPU
		{6C29243D-DA94-49CB-878A-8DD2B2A02425}.Release|Any CPU.ActiveCfg = Release|Any CPU
		{6C29243D-DA94-49CB-878A-8DD2B2A02425}.Release|Any CPU.Build.0 = Release|Any CPU
	EndGlobalSection
	GlobalSection(SolutionProperties) = preSolution
		HideSolutionNode = FALSE
	EndGlobalSection
	GlobalSection(NestedProjects) = preSolution
		{585C1FB2-6388-45A0-A934-CC1EDDF2FEBE} = {DF7E9358-0A4C-44CF-9E4B-7BA1A1337700}
	EndGlobalSection
EndGlobal
